// !$*UTF8*$!
{
	archiveVersion = 1;
	classes = {
	};
	objectVersion = 100;
	objects = {

/* Begin PBXBuildFile section */
		13B07FBF1A68108700A75B9A /* Images.xcassets in Resources */ = {isa = PBXBuildFile; fileRef = 13B07FB51A68108700A75B9A /* Images.xcassets */; };
		3E461D99554A48A4959DE609 /* SplashScreen.storyboard in Resources */ = {isa = PBXBuildFile; fileRef = AA286B85B6C04FC6940260E9 /* SplashScreen.storyboard */; };
		3E4CBED01DC54B63B50DD074 /* GoogleService-Info.plist in Resources */ = {isa = PBXBuildFile; fileRef = C918DBBC4C2740B8B833BD1F /* GoogleService-Info.plist */; };
		96409CCA95F63D96921A52CC /* ExpoModulesProvider.swift in Sources */ = {isa = PBXBuildFile; fileRef = 64BA56E579461595F5334DD1 /* ExpoModulesProvider.swift */; };
		BB2F792D24A3F905000567C9 /* Expo.plist in Resources */ = {isa = PBXBuildFile; fileRef = BB2F792C24A3F905000567C9 /* Expo.plist */; };
		C61DE1873968C70166EB50E8 /* PrivacyInfo.xcprivacy in Resources */ = {isa = PBXBuildFile; fileRef = 6F8A31A012F4B6214F9179C3 /* PrivacyInfo.xcprivacy */; };
		CDC2BB6680B5515CB12BAEA8 /* Pods_RadarScout.framework in Frameworks */ = {isa = PBXBuildFile; fileRef = 86CE7FC57D29F8CA2EAAFE3E /* Pods_RadarScout.framework */; };
		F11748422D0307B40044C1D9 /* AppDelegate.swift in Sources */ = {isa = PBXBuildFile; fileRef = F11748412D0307B40044C1D9 /* AppDelegate.swift */; };
/* End PBXBuildFile section */

/* Begin PBXFileReference section */
		13B07F961A680F5B00A75B9A /* RadarScout.app */ = {isa = PBXFileReference; explicitFileType = wrapper.application; includeInIndex = 0; path = RadarScout.app; sourceTree = BUILT_PRODUCTS_DIR; };
		13B07FB51A68108700A75B9A /* Images.xcassets */ = {isa = PBXFileReference; lastKnownFileType = folder.assetcatalog; name = Images.xcassets; path = RadarScout/Images.xcassets; sourceTree = "<group>"; };
		13B07FB61A68108700A75B9A /* Info.plist */ = {isa = PBXFileReference; fileEncoding = 4; lastKnownFileType = text.plist.xml; name = Info.plist; path = RadarScout/Info.plist; sourceTree = "<group>"; };
		600DD57885BED8D334C68DFC /* Pods-RadarScout.release.xcconfig */ = {isa = PBXFileReference; includeInIndex = 1; lastKnownFileType = text.xcconfig; name = "Pods-RadarScout.release.xcconfig"; path = "Target Support Files/Pods-RadarScout/Pods-RadarScout.release.xcconfig"; sourceTree = "<group>"; };
		64BA56E579461595F5334DD1 /* ExpoModulesProvider.swift */ = {isa = PBXFileReference; includeInIndex = 1; lastKnownFileType = sourcecode.swift; name = ExpoModulesProvider.swift; path = "Pods/Target Support Files/Pods-RadarScout/ExpoModulesProvider.swift"; sourceTree = "<group>"; };
		6F8A31A012F4B6214F9179C3 /* PrivacyInfo.xcprivacy */ = {isa = PBXFileReference; includeInIndex = 1; lastKnownFileType = text.xml; name = PrivacyInfo.xcprivacy; path = RadarScout/PrivacyInfo.xcprivacy; sourceTree = "<group>"; };
		8657C15D3A2B353E4D6C79E0 /* Pods-RadarScout.debug.xcconfig */ = {isa = PBXFileReference; includeInIndex = 1; lastKnownFileType = text.xcconfig; name = "Pods-RadarScout.debug.xcconfig"; path = "Target Support Files/Pods-RadarScout/Pods-RadarScout.debug.xcconfig"; sourceTree = "<group>"; };
		86CE7FC57D29F8CA2EAAFE3E /* Pods_RadarScout.framework */ = {isa = PBXFileReference; explicitFileType = wrapper.framework; includeInIndex = 0; path = Pods_RadarScout.framework; sourceTree = BUILT_PRODUCTS_DIR; };
		AA286B85B6C04FC6940260E9 /* SplashScreen.storyboard */ = {isa = PBXFileReference; fileEncoding = 4; lastKnownFileType = file.storyboard; name = SplashScreen.storyboard; path = RadarScout/SplashScreen.storyboard; sourceTree = "<group>"; };
		BB2F792C24A3F905000567C9 /* Expo.plist */ = {isa = PBXFileReference; fileEncoding = 4; lastKnownFileType = text.plist.xml; path = Expo.plist; sourceTree = "<group>"; };
		C918DBBC4C2740B8B833BD1F /* GoogleService-Info.plist */ = {isa = PBXFileReference; explicitFileType = undefined; fileEncoding = 4; includeInIndex = 0; lastKnownFileType = text.plist.xml; name = "GoogleService-Info.plist"; path = "RadarScout/GoogleService-Info.plist"; sourceTree = "<group>"; };
		ED297162215061F000B7C4FE /* JavaScriptCore.framework */ = {isa = PBXFileReference; lastKnownFileType = wrapper.framework; name = JavaScriptCore.framework; path = System/Library/Frameworks/JavaScriptCore.framework; sourceTree = SDKROOT; };
		F11748412D0307B40044C1D9 /* AppDelegate.swift */ = {isa = PBXFileReference; lastKnownFileType = sourcecode.swift; name = AppDelegate.swift; path = RadarScout/AppDelegate.swift; sourceTree = "<group>"; };
		F11748442D0722820044C1D9 /* RadarScout-Bridging-Header.h */ = {isa = PBXFileReference; lastKnownFileType = sourcecode.c.h; name = "RadarScout-Bridging-Header.h"; path = "RadarScout/RadarScout-Bridging-Header.h"; sourceTree = "<group>"; };
/* End PBXFileReference section */

/* Begin PBXFrameworksBuildPhase section */
		13B07F8C1A680F5B00A75B9A /* Frameworks */ = {
			isa = PBXFrameworksBuildPhase;
			files = (
				CDC2BB6680B5515CB12BAEA8 /* Pods_RadarScout.framework in Frameworks */,
			);
		};
/* End PBXFrameworksBuildPhase section */

/* Begin PBXGroup section */
		11851B7397F6D2E9751609D4 /* Pods */ = {
			isa = PBXGroup;
			children = (
				8657C15D3A2B353E4D6C79E0 /* Pods-RadarScout.debug.xcconfig */,
				600DD57885BED8D334C68DFC /* Pods-RadarScout.release.xcconfig */,
			);
			path = Pods;
			sourceTree = "<group>";
		};
		13B07FAE1A68108700A75B9A /* RadarScout */ = {
			isa = PBXGroup;
			children = (
				F11748412D0307B40044C1D9 /* AppDelegate.swift */,
				F11748442D0722820044C1D9 /* RadarScout-Bridging-Header.h */,
				BB2F792B24A3F905000567C9 /* Supporting */,
				13B07FB51A68108700A75B9A /* Images.xcassets */,
				13B07FB61A68108700A75B9A /* Info.plist */,
				AA286B85B6C04FC6940260E9 /* SplashScreen.storyboard */,
				C918DBBC4C2740B8B833BD1F /* GoogleService-Info.plist */,
				6F8A31A012F4B6214F9179C3 /* PrivacyInfo.xcprivacy */,
			);
			name = RadarScout;
			sourceTree = "<group>";
		};
		2D16E6871FA4F8E400B85C8A /* Frameworks */ = {
			isa = PBXGroup;
			children = (
				ED297162215061F000B7C4FE /* JavaScriptCore.framework */,
				86CE7FC57D29F8CA2EAAFE3E /* Pods_RadarScout.framework */,
			);
			name = Frameworks;
			sourceTree = "<group>";
		};
		696F8786A8D365C42BE501E0 /* RadarScout */ = {
			isa = PBXGroup;
			children = (
				64BA56E579461595F5334DD1 /* ExpoModulesProvider.swift */,
			);
			name = RadarScout;
			sourceTree = "<group>";
		};
		832341AE1AAA6A7D00B99B32 /* Libraries */ = {
			isa = PBXGroup;
			children = (
			);
			name = Libraries;
			sourceTree = "<group>";
		};
		83CBB9F61A601CBA00E9B192 = {
			isa = PBXGroup;
			children = (
				13B07FAE1A68108700A75B9A /* RadarScout */,
				832341AE1AAA6A7D00B99B32 /* Libraries */,
				83CBBA001A601CBA00E9B192 /* Products */,
				2D16E6871FA4F8E400B85C8A /* Frameworks */,
				11851B7397F6D2E9751609D4 /* Pods */,
				BC2150E9B1D38CFAE46B484F /* ExpoModulesProviders */,
			);
			indentWidth = 2;
			sourceTree = "<group>";
			tabWidth = 2;
			usesTabs = 0;
		};
		83CBBA001A601CBA00E9B192 /* Products */ = {
			isa = PBXGroup;
			children = (
				13B07F961A680F5B00A75B9A /* RadarScout.app */,
			);
			name = Products;
			sourceTree = "<group>";
		};
		BB2F792B24A3F905000567C9 /* Supporting */ = {
			isa = PBXGroup;
			children = (
				BB2F792C24A3F905000567C9 /* Expo.plist */,
			);
			name = Supporting;
			path = RadarScout/Supporting;
			sourceTree = "<group>";
		};
		BC2150E9B1D38CFAE46B484F /* ExpoModulesProviders */ = {
			isa = PBXGroup;
			children = (
				696F8786A8D365C42BE501E0 /* RadarScout */,
			);
			name = ExpoModulesProviders;
			sourceTree = "<group>";
		};
/* End PBXGroup section */

/* Begin PBXNativeTarget section */
		13B07F861A680F5B00A75B9A /* RadarScout */ = {
			isa = PBXNativeTarget;
			buildConfigurationList = 13B07F931A680F5B00A75B9A /* Build configuration list for PBXNativeTarget "RadarScout" */;
			buildPhases = (
				08A4A3CD28434E44B6B9DE2E /* [CP] Check Pods Manifest.lock */,
				5F0F3767BE12D2465F8191EF /* [Expo] Configure project */,
				13B07F871A680F5B00A75B9A /* Sources */,
				13B07F8C1A680F5B00A75B9A /* Frameworks */,
				13B07F8E1A680F5B00A75B9A /* Resources */,
				00DD1BFF1BD5951E006B06BC /* Bundle React Native code and images */,
				800E24972A6A228C8D4807E9 /* [CP] Copy Pods Resources */,
				5AC8D8BF5BD58DC75DF21061 /* [CP] Embed Pods Frameworks */,
				05F4D41722EF6A5619FB0775 /* [CP-User] [RNFB] Core Configuration */,
				0558D8C1D4DEDD149E11A5FF /* [CP-User] [RNFB] Crashlytics Configuration */,
				2FBA175B2489C4C0B230E473 /* [CP-User] [RNGoogleMobileAds] Configuration */,
			);
			buildRules = (
			);
			name = RadarScout;
			productName = RadarScout;
			productReference = 13B07F961A680F5B00A75B9A /* RadarScout.app */;
			productType = "com.apple.product-type.application";
		};
/* End PBXNativeTarget section */

/* Begin PBXProject section */
		83CBB9F71A601CBA00E9B192 /* Project object */ = {
			isa = PBXProject;
			attributes = {
				LastUpgradeCheck = 1130;
				TargetAttributes = {
					13B07F861A680F5B00A75B9A = {
						LastSwiftMigration = 1250;
					};
				};
			};
			buildConfigurationList = 83CBB9FA1A601CBA00E9B192 /* Build configuration list for PBXProject "RadarScout" */;
			developmentRegion = en;
			hasScannedForEncodings = 0;
			knownRegions = (
				en,
				Base,
			);
			mainGroup = 83CBB9F61A601CBA00E9B192;
			packageReferences = (
				D29605FD2FC2410000D30A8D /* XCRemoteSwiftPackageReference "firebase-ios-sdk" */,
			);
			preferredProjectObjectVersion = 100;
			productRefGroup = 83CBBA001A601CBA00E9B192 /* Products */;
			projectDirPath = "";
			projectRoot = "";
			targets = (
				13B07F861A680F5B00A75B9A /* RadarScout */,
			);
		};
/* End PBXProject section */

/* Begin PBXResourcesBuildPhase section */
		13B07F8E1A680F5B00A75B9A /* Resources */ = {
			isa = PBXResourcesBuildPhase;
			files = (
				BB2F792D24A3F905000567C9 /* Expo.plist in Resources */,
				13B07FBF1A68108700A75B9A /* Images.xcassets in Resources */,
				3E461D99554A48A4959DE609 /* SplashScreen.storyboard in Resources */,
				3E4CBED01DC54B63B50DD074 /* GoogleService-Info.plist in Resources */,
				C61DE1873968C70166EB50E8 /* PrivacyInfo.xcprivacy in Resources */,
			);
		};
/* End PBXResourcesBuildPhase section */

/* Begin PBXShellScriptBuildPhase section */
		00DD1BFF1BD5951E006B06BC /* Bundle React Native code and images */ = {
			isa = PBXShellScriptBuildPhase;
			alwaysOutOfDate = 1;
			inputPaths = (
				"$(SRCROOT)/.xcode.env",
				"$(SRCROOT)/.xcode.env.local",
			);
			name = "Bundle React Native code and images";
			shellPath = /bin/sh;
			shellScript = (
				"if [[ -f \"$PODS_ROOT/../.xcode.env\" ]]; then",
				"  source \"$PODS_ROOT/../.xcode.env\"",
				"fi",
				"if [[ -f \"$PODS_ROOT/../.xcode.env.local\" ]]; then",
				"  source \"$PODS_ROOT/../.xcode.env.local\"",
				"fi",
				"",
				"# The project root by default is one level up from the ios directory",
				"export PROJECT_ROOT=\"$PROJECT_DIR\"/..",
				"",
				"if [[ \"$CONFIGURATION\" = *Debug* ]]; then",
				"  export SKIP_BUNDLING=1",
				"fi",
				"if [[ -z \"$ENTRY_FILE\" ]]; then",
				"  # Set the entry JS file using the bundler's entry resolution.",
				"  export ENTRY_FILE=\"$(\"$NODE_BINARY\" -e \"require('expo/scripts/resolveAppEntry')\" \"$PROJECT_ROOT\" ios absolute | tail -n 1)\"",
				"fi",
				"",
				"if [[ -z \"$CLI_PATH\" ]]; then",
				"  # Use Expo CLI",
				"  export CLI_PATH=\"$(\"$NODE_BINARY\" --print \"require.resolve('@expo/cli', { paths: [require.resolve('expo/package.json')] })\")\"",
				"fi",
				"if [[ -z \"$BUNDLE_COMMAND\" ]]; then",
				"  # Default Expo CLI command for bundling",
				"  export BUNDLE_COMMAND=\"export:embed\"",
				"fi",
				"",
				"# Source .xcode.env.updates if it exists to allow",
				"# SKIP_BUNDLING to be unset if needed",
				"if [[ -f \"$PODS_ROOT/../.xcode.env.updates\" ]]; then",
				"  source \"$PODS_ROOT/../.xcode.env.updates\"",
				"fi",
				"# Source local changes to allow overrides",
				"# if needed",
				"if [[ -f \"$PODS_ROOT/../.xcode.env.local\" ]]; then",
				"  source \"$PODS_ROOT/../.xcode.env.local\"",
				"fi",
				"",
				"`\"$NODE_BINARY\" --print \"require('path').dirname(require.resolve('react-native/package.json')) + '/scripts/react-native-xcode.sh'\"`",
				"",
				"",
			);
		};
		0558D8C1D4DEDD149E11A5FF /* [CP-User] [RNFB] Crashlytics Configuration */ = {
			isa = PBXShellScriptBuildPhase;
			inputPaths = (
				"${DWARF_DSYM_FOLDER_PATH}/${DWARF_DSYM_FILE_NAME}/Contents/Resources/DWARF/${TARGET_NAME}",
				"$(BUILT_PRODUCTS_DIR)/$(INFOPLIST_PATH)",
			);
			name = "[CP-User] [RNFB] Crashlytics Configuration";
			shellPath = /bin/sh;
			shellScript = (
				"#!/usr/bin/env bash",
				"#",
				"# Copyright (c) 2016-present Invertase Limited & Contributors",
				"#",
				"# Licensed under the Apache License, Version 2.0 (the \"License\");",
				"# you may not use this library except in compliance with the License.",
				"# You may obtain a copy of the License at",
				"#",
				"#   http://www.apache.org/licenses/LICENSE-2.0",
				"#",
				"# Unless required by applicable law or agreed to in writing, software",
				"# distributed under the License is distributed on an \"AS IS\" BASIS,",
				"# WITHOUT WARRANTIES OR CONDITIONS OF ANY KIND, either express or implied.",
				"# See the License for the specific language governing permissions and",
				"# limitations under the License.",
				"#",
				"set -e",
				"",
				"if [[ ${PODS_ROOT} ]]; then",
				"  echo \"info: Exec FirebaseCrashlytics Run from Pods\"",
				"  \"${PODS_ROOT}/FirebaseCrashlytics/run\"",
				"else",
				"  echo \"info: Exec FirebaseCrashlytics Run from framework\"",
				"  \"${PROJECT_DIR}/FirebaseCrashlytics.framework/run\"",
				"fi",
				"",
			);
		};
		05F4D41722EF6A5619FB0775 /* [CP-User] [RNFB] Core Configuration */ = {
			isa = PBXShellScriptBuildPhase;
			inputPaths = (
				"$(BUILT_PRODUCTS_DIR)/$(INFOPLIST_PATH)",
			);
			name = "[CP-User] [RNFB] Core Configuration";
			shellPath = /bin/sh;
			shellScript = (
				"#!/usr/bin/env bash",
				"#",
				"# Copyright (c) 2016-present Invertase Limited & Contributors",
				"#",
				"# Licensed under the Apache License, Version 2.0 (the \"License\");",
				"# you may not use this library except in compliance with the License.",
				"# You may obtain a copy of the License at",
				"#",
				"#   http://www.apache.org/licenses/LICENSE-2.0",
				"#",
				"# Unless required by applicable law or agreed to in writing, software",
				"# distributed under the License is distributed on an \"AS IS\" BASIS,",
				"# WITHOUT WARRANTIES OR CONDITIONS OF ANY KIND, either express or implied.",
				"# See the License for the specific language governing permissions and",
				"# limitations under the License.",
				"#",
				"",
				"##########################################################################",
				"##########################################################################",
				"#",
				"#  NOTE THAT IF YOU CHANGE THIS FILE YOU MUST RUN pod install AFTERWARDS",
				"#",
				"#  This file is installed as an Xcode build script in the project file",
				"#  by cocoapods, and you will not see your changes until you pod install",
				"#",
				"##########################################################################",
				"##########################################################################",
				"",
				"set -e",
				"",
				"_MAX_LOOKUPS=2;",
				"_SEARCH_RESULT=''",
				"_RN_ROOT_EXISTS=''",
				"_CURRENT_LOOKUPS=1",
				"_JSON_ROOT=\"'react-native'\"",
				"_JSON_FILE_NAME='firebase.json'",
				"_JSON_OUTPUT_BASE64='e30=' # { }",
				"_CURRENT_SEARCH_DIR=${PROJECT_DIR}",
				"_PLIST_BUDDY=/usr/libexec/PlistBuddy",
				"_TARGET_PLIST=\"${BUILT_PRODUCTS_DIR}/${INFOPLIST_PATH}\"",
				"_DSYM_PLIST=\"${DWARF_DSYM_FOLDER_PATH}/${DWARF_DSYM_FILE_NAME}/Contents/Info.plist\"",
				"",
				"# plist arrays",
				"_PLIST_ENTRY_KEYS=()",
				"_PLIST_ENTRY_TYPES=()",
				"_PLIST_ENTRY_VALUES=()",
				"",
				"function setPlistValue {",
				"  echo \"note:      setting plist entry '$1' of type '$2' in file '$4'\"",
				"  ${_PLIST_BUDDY} -c \"Add :$1 $2 '$3'\" $4 || echo \"note:      '$1' already exists\"",
				"}",
				"",
				"function getFirebaseJsonKeyValue () {",
				"  if [[ ${_RN_ROOT_EXISTS} ]]; then",
				"    ruby -Ku -e \"require 'rubygems';require 'json'; output=JSON.parse('$1'); puts output[$_JSON_ROOT]['$2']\"",
				"  else",
				"    echo \"\"",
				"  fi;",
				"}",
				"",
				"function jsonBoolToYesNo () {",
				"  if [[ $1 == \"false\" ]]; then",
				"    echo \"NO\"",
				"  elif [[ $1 == \"true\" ]]; then",
				"    echo \"YES\"",
				"  else echo \"NO\"",
				"  fi",
				"}",
				"",
				"echo \"note: -> RNFB build script started\"",
				"echo \"note: 1) Locating ${_JSON_FILE_NAME} file:\"",
				"",
				"if [[ -z ${_CURRENT_SEARCH_DIR} ]]; then",
				"  _CURRENT_SEARCH_DIR=$(pwd)",
				"fi;",
				"",
				"while true; do",
				"  _CURRENT_SEARCH_DIR=$(dirname \"$_CURRENT_SEARCH_DIR\")",
				"  if [[ \"$_CURRENT_SEARCH_DIR\" == \"/\" ]] || [[ ${_CURRENT_LOOKUPS} -gt ${_MAX_LOOKUPS} ]]; then break; fi;",
				"  echo \"note:      ($_CURRENT_LOOKUPS of $_MAX_LOOKUPS) Searching in '$_CURRENT_SEARCH_DIR' for a ${_JSON_FILE_NAME} file.\"",
				"  _SEARCH_RESULT=$(find \"$_CURRENT_SEARCH_DIR\" -maxdepth 2 -name ${_JSON_FILE_NAME} -print | /usr/bin/head -n 1)",
				"  if [[ ${_SEARCH_RESULT} ]]; then",
				"    echo \"note:      ${_JSON_FILE_NAME} found at $_SEARCH_RESULT\"",
				"    break;",
				"  fi;",
				"  _CURRENT_LOOKUPS=$((_CURRENT_LOOKUPS+1))",
				"done",
				"",
				"if [[ ${_SEARCH_RESULT} ]]; then",
				"  _JSON_OUTPUT_RAW=$(cat \"${_SEARCH_RESULT}\")",
				"  if ! _RN_ROOT_EXISTS=$(ruby -Ku -e \"require 'json'; output=JSON.parse('$_JSON_OUTPUT_RAW'); puts output[$_JSON_ROOT]\"); then",
				"    echo \"error: Failed to parse firebase.json, check for syntax errors.\"",
				"    exit 1",
				"  fi",
				"",
				"  if [[ ${_RN_ROOT_EXISTS} ]]; then",
				"    if ! python3 --version >/dev/null 2>&1; then echo \"error: python3 not found, firebase.json file processing error.\" && exit 1; fi",
				"    _JSON_OUTPUT_BASE64=$(python3 -c 'import json,sys,base64;print(base64.b64encode(bytes(json.dumps(json.loads(open('\"'${_SEARCH_RESULT}'\"', '\"'rb'\"').read())['${_JSON_ROOT}']), '\"'utf-8'\"')).decode())' || echo \"e30=\")",
				"  fi",
				"",
				"  _PLIST_ENTRY_KEYS+=(\"firebase_json_raw\")",
				"  _PLIST_ENTRY_TYPES+=(\"string\")",
				"  _PLIST_ENTRY_VALUES+=(\"$_JSON_OUTPUT_BASE64\")",
				"",
				"  # config.app_data_collection_default_enabled",
				"  _APP_DATA_COLLECTION_ENABLED=$(getFirebaseJsonKeyValue \"$_JSON_OUTPUT_RAW\" \"app_data_collection_default_enabled\")",
				"  if [[ $_APP_DATA_COLLECTION_ENABLED ]]; then",
				"    _PLIST_ENTRY_KEYS+=(\"FirebaseDataCollectionDefaultEnabled\")",
				"    _PLIST_ENTRY_TYPES+=(\"bool\")",
				"    _PLIST_ENTRY_VALUES+=(\"$(jsonBoolToYesNo \"$_APP_DATA_COLLECTION_ENABLED\")\")",
				"  fi",
				"",
				"  # config.analytics_auto_collection_enabled",
				"  _ANALYTICS_AUTO_COLLECTION=$(getFirebaseJsonKeyValue \"$_JSON_OUTPUT_RAW\" \"analytics_auto_collection_enabled\")",
				"  if [[ $_ANALYTICS_AUTO_COLLECTION ]]; then",
				"    _PLIST_ENTRY_KEYS+=(\"FIREBASE_ANALYTICS_COLLECTION_ENABLED\")",
				"    _PLIST_ENTRY_TYPES+=(\"bool\")",
				"    _PLIST_ENTRY_VALUES+=(\"$(jsonBoolToYesNo \"$_ANALYTICS_AUTO_COLLECTION\")\")",
				"  fi",
				"",
				"  # config.analytics_collection_deactivated",
				"  _ANALYTICS_DEACTIVATED=$(getFirebaseJsonKeyValue \"$_JSON_OUTPUT_RAW\" \"analytics_collection_deactivated\")",
				"  if [[ $_ANALYTICS_DEACTIVATED ]]; then",
				"    _PLIST_ENTRY_KEYS+=(\"FIREBASE_ANALYTICS_COLLECTION_DEACTIVATED\")",
				"    _PLIST_ENTRY_TYPES+=(\"bool\")",
				"    _PLIST_ENTRY_VALUES+=(\"$(jsonBoolToYesNo \"$_ANALYTICS_DEACTIVATED\")\")",
				"  fi",
				"",
				"  # config.analytics_idfv_collection_enabled",
				"  _ANALYTICS_IDFV_COLLECTION=$(getFirebaseJsonKeyValue \"$_JSON_OUTPUT_RAW\" \"analytics_idfv_collection_enabled\")",
				"  if [[ $_ANALYTICS_IDFV_COLLECTION ]]; then",
				"    _PLIST_ENTRY_KEYS+=(\"GOOGLE_ANALYTICS_IDFV_COLLECTION_ENABLED\")",
				"    _PLIST_ENTRY_TYPES+=(\"bool\")",
				"    _PLIST_ENTRY_VALUES+=(\"$(jsonBoolToYesNo \"$_ANALYTICS_IDFV_COLLECTION\")\")",
				"  fi",
				"",
				"  # config.analytics_default_allow_analytics_storage",
				"  _ANALYTICS_STORAGE=$(getFirebaseJsonKeyValue \"$_JSON_OUTPUT_RAW\" \"analytics_default_allow_analytics_storage\")",
				"  if [[ $_ANALYTICS_STORAGE ]]; then",
				"    _PLIST_ENTRY_KEYS+=(\"GOOGLE_ANALYTICS_DEFAULT_ALLOW_ANALYTICS_STORAGE\")",
				"    _PLIST_ENTRY_TYPES+=(\"bool\")",
				"    _PLIST_ENTRY_VALUES+=(\"$(jsonBoolToYesNo \"$_ANALYTICS_STORAGE\")\")",
				"  fi",
				"",
				"  # config.analytics_default_allow_ad_storage",
				"  _ANALYTICS_AD_STORAGE=$(getFirebaseJsonKeyValue \"$_JSON_OUTPUT_RAW\" \"analytics_default_allow_ad_storage\")",
				"  if [[ $_ANALYTICS_AD_STORAGE ]]; then",
				"    _PLIST_ENTRY_KEYS+=(\"GOOGLE_ANALYTICS_DEFAULT_ALLOW_AD_STORAGE\")",
				"    _PLIST_ENTRY_TYPES+=(\"bool\")",
				"    _PLIST_ENTRY_VALUES+=(\"$(jsonBoolToYesNo \"$_ANALYTICS_AD_STORAGE\")\")",
				"  fi",
				"",
				"  # config.analytics_default_allow_ad_user_data",
				"  _ANALYTICS_AD_USER_DATA=$(getFirebaseJsonKeyValue \"$_JSON_OUTPUT_RAW\" \"analytics_default_allow_ad_user_data\")",
				"  if [[ $_ANALYTICS_AD_USER_DATA ]]; then",
				"    _PLIST_ENTRY_KEYS+=(\"GOOGLE_ANALYTICS_DEFAULT_ALLOW_AD_USER_DATA\")",
				"    _PLIST_ENTRY_TYPES+=(\"bool\")",
				"    _PLIST_ENTRY_VALUES+=(\"$(jsonBoolToYesNo \"$_ANALYTICS_AD_USER_DATA\")\")",
				"  fi",
				"",
				"  # config.analytics_default_allow_ad_personalization_signals",
				"  _ANALYTICS_PERSONALIZATION=$(getFirebaseJsonKeyValue \"$_JSON_OUTPUT_RAW\" \"analytics_default_allow_ad_personalization_signals\")",
				"  if [[ $_ANALYTICS_PERSONALIZATION ]]; then",
				"    _PLIST_ENTRY_KEYS+=(\"GOOGLE_ANALYTICS_DEFAULT_ALLOW_AD_PERSONALIZATION_SIGNALS\")",
				"    _PLIST_ENTRY_TYPES+=(\"bool\")",
				"    _PLIST_ENTRY_VALUES+=(\"$(jsonBoolToYesNo \"$_ANALYTICS_PERSONALIZATION\")\")",
				"  fi",
				"",
				"  # config.analytics_registration_with_ad_network_enabled",
				"  _ANALYTICS_REGISTRATION_WITH_AD_NETWORK=$(getFirebaseJsonKeyValue \"$_JSON_OUTPUT_RAW\" \"google_analytics_registration_with_ad_network_enabled\")",
				"  if [[ $_ANALYTICS_REGISTRATION_WITH_AD_NETWORK ]]; then",
				"    _PLIST_ENTRY_KEYS+=(\"GOOGLE_ANALYTICS_REGISTRATION_WITH_AD_NETWORK_ENABLED\")",
				"    _PLIST_ENTRY_TYPES+=(\"bool\")",
				"    _PLIST_ENTRY_VALUES+=(\"$(jsonBoolToYesNo \"$_ANALYTICS_REGISTRATION_WITH_AD_NETWORK\")\")",
				"  fi",
				"",
				"  # config.google_analytics_automatic_screen_reporting_enabled",
				"  _ANALYTICS_AUTO_SCREEN_REPORTING=$(getFirebaseJsonKeyValue \"$_JSON_OUTPUT_RAW\" \"google_analytics_automatic_screen_reporting_enabled\")",
				"  if [[ $_ANALYTICS_AUTO_SCREEN_REPORTING ]]; then",
				"    _PLIST_ENTRY_KEYS+=(\"FirebaseAutomaticScreenReportingEnabled\")",
				"    _PLIST_ENTRY_TYPES+=(\"bool\")",
				"    _PLIST_ENTRY_VALUES+=(\"$(jsonBoolToYesNo \"$_ANALYTICS_AUTO_SCREEN_REPORTING\")\")",
				"  fi",
				"",
				"  # config.perf_auto_collection_enabled",
				"  _PERF_AUTO_COLLECTION=$(getFirebaseJsonKeyValue \"$_JSON_OUTPUT_RAW\" \"perf_auto_collection_enabled\")",
				"  if [[ $_PERF_AUTO_COLLECTION ]]; then",
				"    _PLIST_ENTRY_KEYS+=(\"firebase_performance_collection_enabled\")",
				"    _PLIST_ENTRY_TYPES+=(\"bool\")",
				"    _PLIST_ENTRY_VALUES+=(\"$(jsonBoolToYesNo \"$_PERF_AUTO_COLLECTION\")\")",
				"  fi",
				"",
				"  # config.perf_collection_deactivated",
				"  _PERF_DEACTIVATED=$(getFirebaseJsonKeyValue \"$_JSON_OUTPUT_RAW\" \"perf_collection_deactivated\")",
				"  if [[ $_PERF_DEACTIVATED ]]; then",
				"    _PLIST_ENTRY_KEYS+=(\"firebase_performance_collection_deactivated\")",
				"    _PLIST_ENTRY_TYPES+=(\"bool\")",
				"    _PLIST_ENTRY_VALUES+=(\"$(jsonBoolToYesNo \"$_PERF_DEACTIVATED\")\")",
				"  fi",
				"",
				"  # config.messaging_auto_init_enabled",
				"  _MESSAGING_AUTO_INIT=$(getFirebaseJsonKeyValue \"$_JSON_OUTPUT_RAW\" \"messaging_auto_init_enabled\")",
				"  if [[ $_MESSAGING_AUTO_INIT ]]; then",
				"    _PLIST_ENTRY_KEYS+=(\"FirebaseMessagingAutoInitEnabled\")",
				"    _PLIST_ENTRY_TYPES+=(\"bool\")",
				"    _PLIST_ENTRY_VALUES+=(\"$(jsonBoolToYesNo \"$_MESSAGING_AUTO_INIT\")\")",
				"  fi",
				"",
				"  # config.in_app_messaging_auto_colllection_enabled",
				"  _FIAM_AUTO_INIT=$(getFirebaseJsonKeyValue \"$_JSON_OUTPUT_RAW\" \"in_app_messaging_auto_collection_enabled\")",
				"  if [[ $_FIAM_AUTO_INIT ]]; then",
				"    _PLIST_ENTRY_KEYS+=(\"FirebaseInAppMessagingAutomaticDataCollectionEnabled\")",
				"    _PLIST_ENTRY_TYPES+=(\"bool\")",
				"    _PLIST_ENTRY_VALUES+=(\"$(jsonBoolToYesNo \"$_FIAM_AUTO_INIT\")\")",
				"  fi",
				"",
				"  # config.app_check_token_auto_refresh",
				"  _APP_CHECK_TOKEN_AUTO_REFRESH=$(getFirebaseJsonKeyValue \"$_JSON_OUTPUT_RAW\" \"app_check_token_auto_refresh\")",
				"  if [[ $_APP_CHECK_TOKEN_AUTO_REFRESH ]]; then",
				"    _PLIST_ENTRY_KEYS+=(\"FirebaseAppCheckTokenAutoRefreshEnabled\")",
				"    _PLIST_ENTRY_TYPES+=(\"bool\")",
				"    _PLIST_ENTRY_VALUES+=(\"$(jsonBoolToYesNo \"$_APP_CHECK_TOKEN_AUTO_REFRESH\")\")",
				"  fi",
				"",
				"  # config.crashlytics_disable_auto_disabler - undocumented for now - mainly for debugging, document if becomes useful",
				"  _CRASHLYTICS_AUTO_DISABLE_ENABLED=$(getFirebaseJsonKeyValue \"$_JSON_OUTPUT_RAW\" \"crashlytics_disable_auto_disabler\")",
				"  if [[ $_CRASHLYTICS_AUTO_DISABLE_ENABLED == \"true\" ]]; then",
				"    echo \"Disabled Crashlytics auto disabler.\" # do nothing",
				"  else",
				"    _PLIST_ENTRY_KEYS+=(\"FirebaseCrashlyticsCollectionEnabled\")",
				"    _PLIST_ENTRY_TYPES+=(\"bool\")",
				"    _PLIST_ENTRY_VALUES+=(\"NO\")",
				"  fi",
				"else",
				"  _PLIST_ENTRY_KEYS+=(\"firebase_json_raw\")",
				"  _PLIST_ENTRY_TYPES+=(\"string\")",
				"  _PLIST_ENTRY_VALUES+=(\"$_JSON_OUTPUT_BASE64\")",
				"  echo \"warning:   A firebase.json file was not found, whilst this file is optional it is recommended to include it to configure firebase services in React Native Firebase.\"",
				"fi;",
				"",
				"echo \"note: 2) Injecting Info.plist entries: \"",
				"",
				"# Log out the keys we're adding",
				"for i in \"${!_PLIST_ENTRY_KEYS[@]}\"; do",
				"  echo \"    ->  $i) ${_PLIST_ENTRY_KEYS[$i]}\" \"${_PLIST_ENTRY_TYPES[$i]}\" \"${_PLIST_ENTRY_VALUES[$i]}\"",
				"done",
				"",
				"for plist in \"${_TARGET_PLIST}\" \"${_DSYM_PLIST}\" ; do",
				"  if [[ -f \"${plist}\" ]]; then",
				"",
				"    # paths with spaces break the call to setPlistValue. temporarily modify",
				"    # the shell internal field separator variable (IFS), which normally",
				"    # includes spaces, to consist only of line breaks",
				"    oldifs=$IFS",
				"    IFS=\"",
				"\"",
				"",
				"    for i in \"${!_PLIST_ENTRY_KEYS[@]}\"; do",
				"      setPlistValue \"${_PLIST_ENTRY_KEYS[$i]}\" \"${_PLIST_ENTRY_TYPES[$i]}\" \"${_PLIST_ENTRY_VALUES[$i]}\" \"${plist}\"",
				"    done",
				"",
				"    # restore the original internal field separator value",
				"    IFS=$oldifs",
				"  else",
				"    echo \"warning:   A Info.plist build output file was not found (${plist})\"",
				"  fi",
				"done",
				"",
				"echo \"note: <- RNFB build script finished\"",
				"",
			);
		};
		08A4A3CD28434E44B6B9DE2E /* [CP] Check Pods Manifest.lock */ = {
			isa = PBXShellScriptBuildPhase;
			inputPaths = (
				"${PODS_PODFILE_DIR_PATH}/Podfile.lock",
				"${PODS_ROOT}/Manifest.lock",
			);
			name = "[CP] Check Pods Manifest.lock";
			outputPaths = (
				"$(DERIVED_FILE_DIR)/Pods-RadarScout-checkManifestLockResult.txt",
			);
			shellPath = /bin/sh;
			shellScript = (
				"diff \"${PODS_PODFILE_DIR_PATH}/Podfile.lock\" \"${PODS_ROOT}/Manifest.lock\" > /dev/null",
				"if [ $? != 0 ] ; then",
				"    # print error to STDERR",
				"    echo \"error: The sandbox is not in sync with the Podfile.lock. Run 'pod install' or update your CocoaPods installation.\" >&2",
				"    exit 1",
				"fi",
				"# This output is used by Xcode 'outputs' to avoid re-running this script phase.",
				"echo \"SUCCESS\" > \"${SCRIPT_OUTPUT_FILE_0}\"",
				"",
			);
			showEnvVarsInLog = 0;
		};
		2FBA175B2489C4C0B230E473 /* [CP-User] [RNGoogleMobileAds] Configuration */ = {
			isa = PBXShellScriptBuildPhase;
			inputPaths = (
				"$(BUILT_PRODUCTS_DIR)/$(INFOPLIST_PATH)",
			);
			name = "[CP-User] [RNGoogleMobileAds] Configuration";
			shellPath = /bin/sh;
			shellScript = (
				"#!/usr/bin/env bash",
				"#",
				"# Copyright (c) 2016-present Invertase Limited & Contributors",
				"#",
				"# Licensed under the Apache License, Version 2.0 (the \"License\");",
				"# you may not use this library except in compliance with the License.",
				"# You may obtain a copy of the License at",
				"#",
				"#   http://www.apache.org/licenses/LICENSE-2.0",
				"#",
				"# Unless required by applicable law or agreed to in writing, software",
				"# distributed under the License is distributed on an \"AS IS\" BASIS,",
				"# WITHOUT WARRANTIES OR CONDITIONS OF ANY KIND, either express or implied.",
				"# See the License for the specific language governing permissions and",
				"# limitations under the License.",
				"#",
				"",
				"##########################################################################",
				"##########################################################################",
				"#",
				"#  NOTE THAT IF YOU CHANGE THIS FILE YOU MUST RUN pod install AFTERWARDS",
				"#",
				"#  This file is installed as an Xcode build script in the project file",
				"#  by cocoapods, and you will not see your changes until you pod install",
				"#",
				"##########################################################################",
				"##########################################################################",
				"",
				"set -e",
				"",
				"if [[ -f \"$PODS_ROOT/../.xcode.env\" ]]; then",
				"  source \"$PODS_ROOT/../.xcode.env\"",
				"fi",
				"if [[ -f \"$PODS_ROOT/../.xcode.env.local\" ]]; then",
				"  source \"$PODS_ROOT/../.xcode.env.local\"",
				"fi",
				"",
				"_MAX_LOOKUPS=2;",
				"_SEARCH_RESULT=''",
				"_RN_ROOT_EXISTS=''",
				"_CURRENT_LOOKUPS=1",
				"_PROJECT_ABBREVIATION=\"RNGoogleMobileAds\"",
				"_JSON_ROOT=\"'react-native-google-mobile-ads'\"",
				"_JSON_FILE_NAME='app.json'",
				"_JS_APP_CONFIG_FILE_NAME='app.config.js'",
				"_JSON_OUTPUT_BASE64='e30=' # { }",
				"_CURRENT_SEARCH_DIR=${PROJECT_DIR}",
				"_PLIST_BUDDY=/usr/libexec/PlistBuddy",
				"_TARGET_PLIST=\"${BUILT_PRODUCTS_DIR}/${INFOPLIST_PATH}\"",
				"_DSYM_PLIST=\"${DWARF_DSYM_FOLDER_PATH}/${DWARF_DSYM_FILE_NAME}/Contents/Info.plist\"",
				"_IS_CONFIG_JS=false",
				"",
				"# plist arrays",
				"_PLIST_ENTRY_KEYS=()",
				"_PLIST_ENTRY_TYPES=()",
				"_PLIST_ENTRY_VALUES=()",
				"",
				"function setPlistValue {",
				"  echo \"info:      setting plist entry '$1' of type '$2' in file '$4'\"",
				"  ${_PLIST_BUDDY} -c \"Add :$1 $2 '$3'\" $4 || echo \"info:      '$1' already exists\"",
				"}",
				"",
				"function getJsonKeyValue () {",
				"  if [[ ${_RN_ROOT_EXISTS} ]]; then",
				"    ruby -KU -e \"require 'rubygems';require 'json'; output=JSON.parse('$1'); puts output[$_JSON_ROOT]['$2']\"",
				"  else",
				"    echo \"\"",
				"  fi;",
				"}",
				"",
				"function jsonBoolToYesNo () {",
				"  if [[ $1 == \"false\" ]]; then",
				"    echo \"NO\"",
				"  elif [[ $1 == \"true\" ]]; then",
				"    echo \"YES\"",
				"  else echo \"NO\"",
				"  fi",
				"}",
				"",
				"echo \"info: -> ${_PROJECT_ABBREVIATION} build script started\"",
				"echo \"info: 1) Locating ${_JSON_FILE_NAME} file:\"",
				"",
				"if [[ -z ${_CURRENT_SEARCH_DIR} ]]; then",
				"  _CURRENT_SEARCH_DIR=$(pwd)",
				"fi;",
				"",
				"while true; do",
				"  _CURRENT_SEARCH_DIR=$(dirname \"$_CURRENT_SEARCH_DIR\")",
				"",
				"  if [[ \"$_CURRENT_SEARCH_DIR\" == \"/\" ]] || [[ ${_CURRENT_LOOKUPS} -gt ${_MAX_LOOKUPS} ]]; then",
				"    break;",
				"  fi;",
				"",
				"  echo \"info:      ($_CURRENT_LOOKUPS of $_MAX_LOOKUPS) Searching in '$_CURRENT_SEARCH_DIR' for a ${_JSON_FILE_NAME}/${_JS_APP_CONFIG_FILE_NAME} file.\"",
				"",
				"  _SEARCH_RESULT=$(find \"$_CURRENT_SEARCH_DIR\" -maxdepth 2 \\( -name ${_JSON_FILE_NAME} -o -name ${_JS_APP_CONFIG_FILE_NAME} \\) -print | /usr/bin/head -n 1)",
				"",
				"  if [[ \"$(basename ${_SEARCH_RESULT})\" = \"${_JS_APP_CONFIG_FILE_NAME}\" ]]; then",
				"    _IS_CONFIG_JS=true",
				"    echo \"info:      ${_JS_APP_CONFIG_FILE_NAME} found at $_SEARCH_RESULT\"",
				"    break;",
				"  fi;",
				"",
				"  if [[ \"$(basename ${_SEARCH_RESULT})\" = \"${_JSON_FILE_NAME}\" ]]; then",
				"    echo \"info:      ${_JSON_FILE_NAME} found at ${_SEARCH_RESULT}\"",
				"    break;",
				"  fi;",
				"",
				"  _CURRENT_LOOKUPS=$((_CURRENT_LOOKUPS+1))",
				"done",
				"",
				"if [[ ${_SEARCH_RESULT} ]]; then",
				"  if [[ ${_IS_CONFIG_JS} == \"true\" ]]; then",
				"    _JSON_OUTPUT_RAW=$(\"${NODE_BINARY}\" -e \"console.log(JSON.stringify(require('${_SEARCH_RESULT}')));\")",
				"  else",
				"    _JSON_OUTPUT_RAW=$(cat \"${_SEARCH_RESULT}\")",
				"  fi;",
				"",
				"  _RN_ROOT_EXISTS=$(ruby -KU -e \"require 'rubygems';require 'json'; output=JSON.parse('$_JSON_OUTPUT_RAW'); puts output[$_JSON_ROOT]\" || echo '')",
				"",
				"  if [[ ${_RN_ROOT_EXISTS} ]]; then",
				"    if ! python3 --version >/dev/null 2>&1; then echo \"python3 not found, app.json file processing error.\" && exit 1; fi",
				"    _JSON_OUTPUT_BASE64=$(python3 -c 'import json,sys,base64;print(base64.b64encode(bytes(json.dumps(json.loads(open('\"'${_SEARCH_RESULT}'\"', '\"'rb'\"').read())['${_JSON_ROOT}']), '\"'utf-8'\"')).decode())' || echo \"e30=\")",
				"  fi",
				"",
				"  _PLIST_ENTRY_KEYS+=(\"google_mobile_ads_json_raw\")",
				"  _PLIST_ENTRY_TYPES+=(\"string\")",
				"  _PLIST_ENTRY_VALUES+=(\"$_JSON_OUTPUT_BASE64\")",
				"",
				"  # config.delay_app_measurement_init",
				"  _DELAY_APP_MEASUREMENT=$(getJsonKeyValue \"$_JSON_OUTPUT_RAW\" \"delay_app_measurement_init\")",
				"  if [[ $_DELAY_APP_MEASUREMENT == \"true\" ]]; then",
				"    _PLIST_ENTRY_KEYS+=(\"GADDelayAppMeasurementInit\")",
				"    _PLIST_ENTRY_TYPES+=(\"bool\")",
				"    _PLIST_ENTRY_VALUES+=(\"YES\")",
				"  fi",
				"",
				"  # config.ios_app_id",
				"  _IOS_APP_ID=$(getJsonKeyValue \"$_JSON_OUTPUT_RAW\" \"ios_app_id\")",
				"  if [[ $_IOS_APP_ID ]]; then",
				"    _PLIST_ENTRY_KEYS+=(\"GADApplicationIdentifier\")",
				"    _PLIST_ENTRY_TYPES+=(\"string\")",
				"    _PLIST_ENTRY_VALUES+=(\"$_IOS_APP_ID\")",
				"  fi",
				"",
				"  # config.sk_ad_network_items",
				"  _SK_AD_NETWORK_ITEMS=$(getJsonKeyValue \"$_JSON_OUTPUT_RAW\" \"sk_ad_network_items\")",
				"  if [[ $_SK_AD_NETWORK_ITEMS ]]; then",
				"    _PLIST_ENTRY_KEYS+=(\"SKAdNetworkItems\")",
				"    _PLIST_ENTRY_TYPES+=(\"array\")",
				"    _PLIST_ENTRY_VALUES+=(\"\")",
				"",
				"    oldifs=$IFS",
				"    IFS=\"",
				"\"",
				"    array=($(echo \"$_SK_AD_NETWORK_ITEMS\"))",
				"    IFS=$oldifs",
				"    for i in \"${!array[@]}\"; do",
				"      _PLIST_ENTRY_KEYS+=(\"SKAdNetworkItems:$i:SKAdNetworkIdentifier\")",
				"      _PLIST_ENTRY_TYPES+=(\"string\")",
				"      _PLIST_ENTRY_VALUES+=(\"${array[i]}\")  ",
				"    done",
				"  fi",
				"",
				"    # config.user_tracking_usage_description",
				"  _USER_TRACKING_USAGE_DESCRIPTION=$(getJsonKeyValue \"$_JSON_OUTPUT_RAW\" \"user_tracking_usage_description\")",
				"  if [[ $_USER_TRACKING_USAGE_DESCRIPTION ]]; then",
				"    _PLIST_ENTRY_KEYS+=(\"NSUserTrackingUsageDescription\")",
				"    _PLIST_ENTRY_TYPES+=(\"string\")",
				"    _PLIST_ENTRY_VALUES+=(\"$_USER_TRACKING_USAGE_DESCRIPTION\")",
				"  fi",
				"else",
				"  _PLIST_ENTRY_KEYS+=(\"google_mobile_ads_json_raw\")",
				"  _PLIST_ENTRY_TYPES+=(\"string\")",
				"  _PLIST_ENTRY_VALUES+=(\"$_JSON_OUTPUT_BASE64\")",
				"  echo \"warning:   A ${_JSON_FILE_NAME} file was not found, whilst this file is optional it is recommended to include it to auto-configure services.\"",
				"fi;",
				"",
				"echo \"info: 2) Injecting Info.plist entries: \"",
				"",
				"# Log out the keys we're adding",
				"for i in \"${!_PLIST_ENTRY_KEYS[@]}\"; do",
				"  echo \"    ->  $i) ${_PLIST_ENTRY_KEYS[$i]}\" \"${_PLIST_ENTRY_TYPES[$i]}\" \"${_PLIST_ENTRY_VALUES[$i]}\"",
				"done",
				"",
				"if ! [[ -f \"${_TARGET_PLIST}\" ]]; then",
				"  echo \"error: unable to locate Info.plist to set properties. App will crash without GADApplicationIdentifier set.\"",
				"  exit 1",
				"fi",
				"",
				"if ! [[ $_IOS_APP_ID ]]; then",
				"  echo \"error: ios_app_id key not found in react-native-google-mobile-ads key in app.json. App will crash without it.\"",
				"  exit 1",
				"fi",
				"",
				"for plist in \"${_TARGET_PLIST}\" \"${_DSYM_PLIST}\" ; do",
				"  if [[ -f \"${plist}\" ]]; then",
				"",
				"    # paths with spaces break the call to setPlistValue. temporarily modify",
				"    # the shell internal field separator variable (IFS), which normally",
				"    # includes spaces, to consist only of line breaks",
				"    oldifs=$IFS",
				"    IFS=\"",
				"\"",
				"",
				"    for i in \"${!_PLIST_ENTRY_KEYS[@]}\"; do",
				"      setPlistValue \"${_PLIST_ENTRY_KEYS[$i]}\" \"${_PLIST_ENTRY_TYPES[$i]}\" \"${_PLIST_ENTRY_VALUES[$i]}\" \"${plist}\"",
				"    done",
				"",
				"    # restore the original internal field separator value",
				"    IFS=$oldifs",
				"  else",
				"    echo \"warning:   A Info.plist build output file was not found (${plist})\"",
				"  fi",
				"done",
				"",
				"echo \"info: <- ${_PROJECT_ABBREVIATION} build script finished\"",
				"",
				"",
			);
		};
		5AC8D8BF5BD58DC75DF21061 /* [CP] Embed Pods Frameworks */ = {
			isa = PBXShellScriptBuildPhase;
			inputPaths = (
				"${PODS_ROOT}/Target Support Files/Pods-RadarScout/Pods-RadarScout-frameworks.sh",
				"${PODS_XCFRAMEWORKS_BUILD_DIR}/hermes-engine/Pre-built/hermes.framework/hermes",
			);
			name = "[CP] Embed Pods Frameworks";
			outputPaths = (
				"${TARGET_BUILD_DIR}/${FRAMEWORKS_FOLDER_PATH}/hermes.framework",
			);
			shellPath = /bin/sh;
			shellScript = (
				"\"${PODS_ROOT}/Target Support Files/Pods-RadarScout/Pods-RadarScout-frameworks.sh\"",
				"",
			);
			showEnvVarsInLog = 0;
		};
		5F0F3767BE12D2465F8191EF /* [Expo] Configure project */ = {
			isa = PBXShellScriptBuildPhase;
			alwaysOutOfDate = 1;
			inputPaths = (
				"$(SRCROOT)/.xcode.env",
				"$(SRCROOT)/.xcode.env.local",
				"$(SRCROOT)/RadarScout/RadarScout.entitlements",
				"$(SRCROOT)/Pods/Target Support Files/Pods-RadarScout/expo-configure-project.sh",
			);
			name = "[Expo] Configure project";
			outputPaths = (
				"$(SRCROOT)/Pods/Target Support Files/Pods-RadarScout/ExpoModulesProvider.swift",
			);
			shellPath = /bin/sh;
			shellScript = (
				"# This script configures Expo modules and generates the modules provider file.",
				"bash -l -c \"./Pods/Target\\ Support\\ Files/Pods-RadarScout/expo-configure-project.sh\"",
				"",
			);
		};
		800E24972A6A228C8D4807E9 /* [CP] Copy Pods Resources */ = {
			isa = PBXShellScriptBuildPhase;
			inputPaths = (
				"${PODS_ROOT}/Target Support Files/Pods-RadarScout/Pods-RadarScout-resources.sh",
				"${PODS_CONFIGURATION_BUILD_DIR}/AppAuth/AppAuthCore_Privacy.bundle",
				"${PODS_CONFIGURATION_BUILD_DIR}/EXApplication/ExpoApplication_privacy.bundle",
				"${PODS_CONFIGURATION_BUILD_DIR}/EXConstants/EXConstants.bundle",
				"${PODS_CONFIGURATION_BUILD_DIR}/EXConstants/ExpoConstants_privacy.bundle",
				"${PODS_CONFIGURATION_BUILD_DIR}/EXNotifications/ExpoNotifications_privacy.bundle",
				"${PODS_CONFIGURATION_BUILD_DIR}/EXTaskManager/ExpoTaskManager_privacy.bundle",
				"${PODS_CONFIGURATION_BUILD_DIR}/EXUpdates/EXUpdates.bundle",
				"${PODS_CONFIGURATION_BUILD_DIR}/ExpoDevice/ExpoDevice_privacy.bundle",
				"${PODS_CONFIGURATION_BUILD_DIR}/ExpoFileSystem/ExpoFileSystem_privacy.bundle",
				"${PODS_CONFIGURATION_BUILD_DIR}/ExpoSystemUI/ExpoSystemUI_privacy.bundle",
				"${PODS_CONFIGURATION_BUILD_DIR}/FirebaseABTesting/FirebaseABTesting_Privacy.bundle",
				"${PODS_CONFIGURATION_BUILD_DIR}/FirebaseAuth/FirebaseAuth_Privacy.bundle",
				"${PODS_CONFIGURATION_BUILD_DIR}/FirebaseCore/FirebaseCore_Privacy.bundle",
				"${PODS_CONFIGURATION_BUILD_DIR}/FirebaseCoreExtension/FirebaseCoreExtension_Privacy.bundle",
				"${PODS_CONFIGURATION_BUILD_DIR}/FirebaseCoreInternal/FirebaseCoreInternal_Privacy.bundle",
				"${PODS_CONFIGURATION_BUILD_DIR}/FirebaseCrashlytics/FirebaseCrashlytics_Privacy.bundle",
				"${PODS_CONFIGURATION_BUILD_DIR}/FirebaseInstallations/FirebaseInstallations_Privacy.bundle",
				"${PODS_CONFIGURATION_BUILD_DIR}/FirebaseRemoteConfig/FirebaseRemoteConfig_Privacy.bundle",
				"${PODS_CONFIGURATION_BUILD_DIR}/GTMAppAuth/GTMAppAuth_Privacy.bundle",
				"${PODS_CONFIGURATION_BUILD_DIR}/GTMSessionFetcher/GTMSessionFetcher_Core_Privacy.bundle",
				"${PODS_CONFIGURATION_BUILD_DIR}/Google-Mobile-Ads-SDK/GoogleMobileAdsResources.bundle",
				"${PODS_CONFIGURATION_BUILD_DIR}/GoogleDataTransport/GoogleDataTransport_Privacy.bundle",
				"${PODS_CONFIGURATION_BUILD_DIR}/GoogleMaps/GoogleMapsResources.bundle",
				"${PODS_CONFIGURATION_BUILD_DIR}/GoogleSignIn/GoogleSignIn.bundle",
				"${PODS_CONFIGURATION_BUILD_DIR}/GoogleUserMessagingPlatform/UserMessagingPlatformResources.bundle",
				"${PODS_CONFIGURATION_BUILD_DIR}/GoogleUtilities/GoogleUtilities_Privacy.bundle",
				"${PODS_CONFIGURATION_BUILD_DIR}/PromisesObjC/FBLPromises_Privacy.bundle",
				"${PODS_CONFIGURATION_BUILD_DIR}/PromisesSwift/Promises_Privacy.bundle",
				"${PODS_CONFIGURATION_BUILD_DIR}/PurchasesHybridCommon/PurchasesHybridCommon.bundle",
				"${PODS_CONFIGURATION_BUILD_DIR}/RCT-Folly/RCT-Folly_privacy.bundle",
				"${PODS_CONFIGURATION_BUILD_DIR}/RNCAsyncStorage/RNCAsyncStorage_resources.bundle",
				"${PODS_CONFIGURATION_BUILD_DIR}/RNSVG/RNSVGFilters.bundle",
				"${PODS_CONFIGURATION_BUILD_DIR}/ReachabilitySwift/ReachabilitySwift.bundle",
				"${PODS_CONFIGURATION_BUILD_DIR}/React-Core/React-Core_privacy.bundle",
				"${PODS_CONFIGURATION_BUILD_DIR}/React-cxxreact/React-cxxreact_privacy.bundle",
				"${PODS_CONFIGURATION_BUILD_DIR}/RevenueCat/RevenueCat.bundle",
				"${PODS_CONFIGURATION_BUILD_DIR}/RevenueCatUI/RevenueCat_RevenueCatUI.bundle",
				"${PODS_CONFIGURATION_BUILD_DIR}/SDWebImage/SDWebImage.bundle",
				"${PODS_CONFIGURATION_BUILD_DIR}/boost/boost_privacy.bundle",
				"${PODS_CONFIGURATION_BUILD_DIR}/expo-dev-launcher/EXDevLauncher.bundle",
				"${PODS_CONFIGURATION_BUILD_DIR}/expo-dev-menu/EXDevMenu.bundle",
				"${PODS_CONFIGURATION_BUILD_DIR}/glog/glog_privacy.bundle",
				"${PODS_CONFIGURATION_BUILD_DIR}/lottie-ios/LottiePrivacyInfo.bundle",
				"${PODS_CONFIGURATION_BUILD_DIR}/lottie-react-native/Lottie_React_Native_Privacy.bundle",
				"${PODS_CONFIGURATION_BUILD_DIR}/nanopb/nanopb_Privacy.bundle",
				"${PODS_CONFIGURATION_BUILD_DIR}/react-native-maps/GoogleMapsPrivacy.bundle",
			);
			name = "[CP] Copy Pods Resources";
			outputPaths = (
				"${TARGET_BUILD_DIR}/${UNLOCALIZED_RESOURCES_FOLDER_PATH}/AppAuthCore_Privacy.bundle",
				"${TARGET_BUILD_DIR}/${UNLOCALIZED_RESOURCES_FOLDER_PATH}/ExpoApplication_privacy.bundle",
				"${TARGET_BUILD_DIR}/${UNLOCALIZED_RESOURCES_FOLDER_PATH}/EXConstants.bundle",
				"${TARGET_BUILD_DIR}/${UNLOCALIZED_RESOURCES_FOLDER_PATH}/ExpoConstants_privacy.bundle",
				"${TARGET_BUILD_DIR}/${UNLOCALIZED_RESOURCES_FOLDER_PATH}/ExpoNotifications_privacy.bundle",
				"${TARGET_BUILD_DIR}/${UNLOCALIZED_RESOURCES_FOLDER_PATH}/ExpoTaskManager_privacy.bundle",
				"${TARGET_BUILD_DIR}/${UNLOCALIZED_RESOURCES_FOLDER_PATH}/EXUpdates.bundle",
				"${TARGET_BUILD_DIR}/${UNLOCALIZED_RESOURCES_FOLDER_PATH}/ExpoDevice_privacy.bundle",
				"${TARGET_BUILD_DIR}/${UNLOCALIZED_RESOURCES_FOLDER_PATH}/ExpoFileSystem_privacy.bundle",
				"${TARGET_BUILD_DIR}/${UNLOCALIZED_RESOURCES_FOLDER_PATH}/ExpoSystemUI_privacy.bundle",
				"${TARGET_BUILD_DIR}/${UNLOCALIZED_RESOURCES_FOLDER_PATH}/FirebaseABTesting_Privacy.bundle",
				"${TARGET_BUILD_DIR}/${UNLOCALIZED_RESOURCES_FOLDER_PATH}/FirebaseAuth_Privacy.bundle",
				"${TARGET_BUILD_DIR}/${UNLOCALIZED_RESOURCES_FOLDER_PATH}/FirebaseCore_Privacy.bundle",
				"${TARGET_BUILD_DIR}/${UNLOCALIZED_RESOURCES_FOLDER_PATH}/FirebaseCoreExtension_Privacy.bundle",
				"${TARGET_BUILD_DIR}/${UNLOCALIZED_RESOURCES_FOLDER_PATH}/FirebaseCoreInternal_Privacy.bundle",
				"${TARGET_BUILD_DIR}/${UNLOCALIZED_RESOURCES_FOLDER_PATH}/FirebaseCrashlytics_Privacy.bundle",
				"${TARGET_BUILD_DIR}/${UNLOCALIZED_RESOURCES_FOLDER_PATH}/FirebaseInstallations_Privacy.bundle",
				"${TARGET_BUILD_DIR}/${UNLOCALIZED_RESOURCES_FOLDER_PATH}/FirebaseRemoteConfig_Privacy.bundle",
				"${TARGET_BUILD_DIR}/${UNLOCALIZED_RESOURCES_FOLDER_PATH}/GTMAppAuth_Privacy.bundle",
				"${TARGET_BUILD_DIR}/${UNLOCALIZED_RESOURCES_FOLDER_PATH}/GTMSessionFetcher_Core_Privacy.bundle",
				"${TARGET_BUILD_DIR}/${UNLOCALIZED_RESOURCES_FOLDER_PATH}/GoogleMobileAdsResources.bundle",
				"${TARGET_BUILD_DIR}/${UNLOCALIZED_RESOURCES_FOLDER_PATH}/GoogleDataTransport_Privacy.bundle",
				"${TARGET_BUILD_DIR}/${UNLOCALIZED_RESOURCES_FOLDER_PATH}/GoogleMapsResources.bundle",
				"${TARGET_BUILD_DIR}/${UNLOCALIZED_RESOURCES_FOLDER_PATH}/GoogleSignIn.bundle",
				"${TARGET_BUILD_DIR}/${UNLOCALIZED_RESOURCES_FOLDER_PATH}/UserMessagingPlatformResources.bundle",
				"${TARGET_BUILD_DIR}/${UNLOCALIZED_RESOURCES_FOLDER_PATH}/GoogleUtilities_Privacy.bundle",
				"${TARGET_BUILD_DIR}/${UNLOCALIZED_RESOURCES_FOLDER_PATH}/FBLPromises_Privacy.bundle",
				"${TARGET_BUILD_DIR}/${UNLOCALIZED_RESOURCES_FOLDER_PATH}/Promises_Privacy.bundle",
				"${TARGET_BUILD_DIR}/${UNLOCALIZED_RESOURCES_FOLDER_PATH}/PurchasesHybridCommon.bundle",
				"${TARGET_BUILD_DIR}/${UNLOCALIZED_RESOURCES_FOLDER_PATH}/RCT-Folly_privacy.bundle",
				"${TARGET_BUILD_DIR}/${UNLOCALIZED_RESOURCES_FOLDER_PATH}/RNCAsyncStorage_resources.bundle",
				"${TARGET_BUILD_DIR}/${UNLOCALIZED_RESOURCES_FOLDER_PATH}/RNSVGFilters.bundle",
				"${TARGET_BUILD_DIR}/${UNLOCALIZED_RESOURCES_FOLDER_PATH}/ReachabilitySwift.bundle",
				"${TARGET_BUILD_DIR}/${UNLOCALIZED_RESOURCES_FOLDER_PATH}/React-Core_privacy.bundle",
				"${TARGET_BUILD_DIR}/${UNLOCALIZED_RESOURCES_FOLDER_PATH}/React-cxxreact_privacy.bundle",
				"${TARGET_BUILD_DIR}/${UNLOCALIZED_RESOURCES_FOLDER_PATH}/RevenueCat.bundle",
				"${TARGET_BUILD_DIR}/${UNLOCALIZED_RESOURCES_FOLDER_PATH}/RevenueCat_RevenueCatUI.bundle",
				"${TARGET_BUILD_DIR}/${UNLOCALIZED_RESOURCES_FOLDER_PATH}/SDWebImage.bundle",
				"${TARGET_BUILD_DIR}/${UNLOCALIZED_RESOURCES_FOLDER_PATH}/boost_privacy.bundle",
				"${TARGET_BUILD_DIR}/${UNLOCALIZED_RESOURCES_FOLDER_PATH}/EXDevLauncher.bundle",
				"${TARGET_BUILD_DIR}/${UNLOCALIZED_RESOURCES_FOLDER_PATH}/EXDevMenu.bundle",
				"${TARGET_BUILD_DIR}/${UNLOCALIZED_RESOURCES_FOLDER_PATH}/glog_privacy.bundle",
				"${TARGET_BUILD_DIR}/${UNLOCALIZED_RESOURCES_FOLDER_PATH}/LottiePrivacyInfo.bundle",
				"${TARGET_BUILD_DIR}/${UNLOCALIZED_RESOURCES_FOLDER_PATH}/Lottie_React_Native_Privacy.bundle",
				"${TARGET_BUILD_DIR}/${UNLOCALIZED_RESOURCES_FOLDER_PATH}/nanopb_Privacy.bundle",
				"${TARGET_BUILD_DIR}/${UNLOCALIZED_RESOURCES_FOLDER_PATH}/GoogleMapsPrivacy.bundle",
			);
			shellPath = /bin/sh;
			shellScript = (
				"\"${PODS_ROOT}/Target Support Files/Pods-RadarScout/Pods-RadarScout-resources.sh\"",
				"",
			);
			showEnvVarsInLog = 0;
		};
/* End PBXShellScriptBuildPhase section */

/* Begin PBXSourcesBuildPhase section */
		13B07F871A680F5B00A75B9A /* Sources */ = {
			isa = PBXSourcesBuildPhase;
			files = (
				F11748422D0307B40044C1D9 /* AppDelegate.swift in Sources */,
				96409CCA95F63D96921A52CC /* ExpoModulesProvider.swift in Sources */,
			);
		};
/* End PBXSourcesBuildPhase section */

/* Begin XCBuildConfiguration section */
		13B07F941A680F5B00A75B9A /* Debug configuration for PBXNativeTarget "RadarScout" */ = {
			isa = XCBuildConfiguration;
			baseConfigurationReference = 8657C15D3A2B353E4D6C79E0 /* Pods-RadarScout.debug.xcconfig */;
			buildSettings = {
				ASSETCATALOG_COMPILER_APPICON_NAME = AppIcon;
				CLANG_ENABLE_MODULES = YES;
				CODE_SIGN_ENTITLEMENTS = RadarScout/RadarScout.entitlements;
				CURRENT_PROJECT_VERSION = 1;
				DEVELOPMENT_TEAM = A6H7WS47FT;
				ENABLE_BITCODE = NO;
				ENABLE_USER_SCRIPT_SANDBOXING = NO;
				GCC_PREPROCESSOR_DEFINITIONS = (
					"$(inherited)",
					"FB_SONARKIT_ENABLED=1",
				);
				INFOPLIST_FILE = RadarScout/Info.plist;
				IPHONEOS_DEPLOYMENT_TARGET = 16.1;
				LD_RUNPATH_SEARCH_PATHS = (
					"$(inherited)",
					"@executable_path/Frameworks",
				);
				MARKETING_VERSION = 1.0;
				OTHER_LDFLAGS = (
					"$(inherited)",
					"-ObjC",
					"-lc++",
				);
				OTHER_SWIFT_FLAGS = "$(inherited) -D EXPO_CONFIGURATION_DEBUG";
				PRODUCT_BUNDLE_IDENTIFIER = com.radarscout.app;
				PRODUCT_NAME = RadarScout;
				SWIFT_OBJC_BRIDGING_HEADER = "RadarScout/RadarScout-Bridging-Header.h";
				SWIFT_OPTIMIZATION_LEVEL = "-Onone";
				SWIFT_VERSION = 5.0;
				TARGETED_DEVICE_FAMILY = "1,2";
				VERSIONING_SYSTEM = "apple-generic";
			};
			name = Debug;
		};
		13B07F951A680F5B00A75B9A /* Release configuration for PBXNativeTarget "RadarScout" */ = {
			isa = XCBuildConfiguration;
			baseConfigurationReference = 600DD57885BED8D334C68DFC /* Pods-RadarScout.release.xcconfig */;
			buildSettings = {
				ASSETCATALOG_COMPILER_APPICON_NAME = AppIcon;
				CLANG_ENABLE_MODULES = YES;
				CODE_SIGN_ENTITLEMENTS = RadarScout/RadarScout.entitlements;
				CURRENT_PROJECT_VERSION = 1;
				DEVELOPMENT_TEAM = A6H7WS47FT;
				ENABLE_USER_SCRIPT_SANDBOXING = NO;
				INFOPLIST_FILE = RadarScout/Info.plist;
				IPHONEOS_DEPLOYMENT_TARGET = 16.1;
				LD_RUNPATH_SEARCH_PATHS = (
					"$(inherited)",
					"@executable_path/Frameworks",
				);
				MARKETING_VERSION = 1.0;
				OTHER_LDFLAGS = (
					"$(inherited)",
					"-ObjC",
					"-lc++",
				);
				OTHER_SWIFT_FLAGS = "$(inherited) -D EXPO_CONFIGURATION_RELEASE";
				PRODUCT_BUNDLE_IDENTIFIER = com.radarscout.app;
				PRODUCT_NAME = RadarScout;
				SWIFT_OBJC_BRIDGING_HEADER = "RadarScout/RadarScout-Bridging-Header.h";
				SWIFT_VERSION = 5.0;
				TARGETED_DEVICE_FAMILY = "1,2";
				VERSIONING_SYSTEM = "apple-generic";
			};
			name = Release;
		};
		83CBBA201A601CBA00E9B192 /* Debug configuration for PBXProject "RadarScout" */ = {
			isa = XCBuildConfiguration;
			buildSettings = {
				ALWAYS_SEARCH_USER_PATHS = NO;
				CLANG_ANALYZER_LOCALIZABILITY_NONLOCALIZED = YES;
				CLANG_CXX_LANGUAGE_STANDARD = "c++20";
				CLANG_CXX_LIBRARY = "libc++";
				CLANG_ENABLE_MODULES = YES;
				CLANG_ENABLE_OBJC_ARC = YES;
				CLANG_WARN_BLOCK_CAPTURE_AUTORELEASING = YES;
				CLANG_WARN_BOOL_CONVERSION = YES;
				CLANG_WARN_COMMA = YES;
				CLANG_WARN_CONSTANT_CONVERSION = YES;
				CLANG_WARN_DEPRECATED_OBJC_IMPLEMENTATIONS = YES;
				CLANG_WARN_DIRECT_OBJC_ISA_USAGE = YES_ERROR;
				CLANG_WARN_EMPTY_BODY = YES;
				CLANG_WARN_ENUM_CONVERSION = YES;
				CLANG_WARN_INFINITE_RECURSION = YES;
				CLANG_WARN_INT_CONVERSION = YES;
				CLANG_WARN_NON_LITERAL_NULL_CONVERSION = YES;
				CLANG_WARN_OBJC_IMPLICIT_RETAIN_SELF = YES;
				CLANG_WARN_OBJC_LITERAL_CONVERSION = YES;
				CLANG_WARN_OBJC_ROOT_CLASS = YES_ERROR;
				CLANG_WARN_RANGE_LOOP_ANALYSIS = YES;
				CLANG_WARN_STRICT_PROTOTYPES = YES;
				CLANG_WARN_SUSPICIOUS_MOVE = YES;
				CLANG_WARN_UNREACHABLE_CODE = YES;
				CLANG_WARN__DUPLICATE_METHOD_MATCH = YES;
				"CODE_SIGN_IDENTITY[sdk=iphoneos*]" = "iPhone Developer";
				COPY_PHASE_STRIP = NO;
				ENABLE_STRICT_OBJC_MSGSEND = YES;
				ENABLE_TESTABILITY = YES;
				GCC_C_LANGUAGE_STANDARD = gnu99;
				GCC_DYNAMIC_NO_PIC = NO;
				GCC_NO_COMMON_BLOCKS = YES;
				GCC_OPTIMIZATION_LEVEL = 0;
				GCC_PREPROCESSOR_DEFINITIONS = (
					"DEBUG=1",
					"$(inherited)",
				);
				GCC_SYMBOLS_PRIVATE_EXTERN = NO;
				GCC_WARN_64_TO_32_BIT_CONVERSION = YES;
				GCC_WARN_ABOUT_RETURN_TYPE = YES_ERROR;
				GCC_WARN_UNDECLARED_SELECTOR = YES;
				GCC_WARN_UNINITIALIZED_AUTOS = YES_AGGRESSIVE;
				GCC_WARN_UNUSED_FUNCTION = YES;
				GCC_WARN_UNUSED_VARIABLE = YES;
				HEADER_SEARCH_PATHS = (
					"$(inherited)",
					"${PODS_CONFIGURATION_BUILD_DIR}/ReactCommon/ReactCommon.framework/Headers",
					"${PODS_CONFIGURATION_BUILD_DIR}/ReactCommon/ReactCommon.framework/Headers/react/nativemodule/core",
					"${PODS_CONFIGURATION_BUILD_DIR}/React-runtimeexecutor/React_runtimeexecutor.framework/Headers",
					"${PODS_CONFIGURATION_BUILD_DIR}/React-runtimeexecutor/React_runtimeexecutor.framework/Headers/platform/ios",
					"${PODS_CONFIGURATION_BUILD_DIR}/ReactCommon-Samples/ReactCommon_Samples.framework/Headers",
					"${PODS_CONFIGURATION_BUILD_DIR}/ReactCommon-Samples/ReactCommon_Samples.framework/Headers/platform/ios",
					"${PODS_CONFIGURATION_BUILD_DIR}/React-Fabric/React_Fabric.framework/Headers/react/renderer/components/view/platform/cxx",
					"${PODS_CONFIGURATION_BUILD_DIR}/React-NativeModulesApple/React_NativeModulesApple.framework/Headers",
					"${PODS_CONFIGURATION_BUILD_DIR}/React-graphics/React_graphics.framework/Headers",
					"${PODS_CONFIGURATION_BUILD_DIR}/React-graphics/React_graphics.framework/Headers/react/renderer/graphics/platform/ios",
				);
				IPHONEOS_DEPLOYMENT_TARGET = 15.1;
				LD_RUNPATH_SEARCH_PATHS = (
					/usr/lib/swift,
					"$(inherited)",
				);
				LIBRARY_SEARCH_PATHS = "$(SDKROOT)/usr/lib/swift\"$(inherited)\"";
				MTL_ENABLE_DEBUG_INFO = YES;
				ONLY_ACTIVE_ARCH = YES;
				REACT_NATIVE_PATH = "${PODS_ROOT}/../../node_modules/.pnpm/react-native@0.81.5_@babel+core@7.29.0_@types+react@19.1.17_react@19.1.0/node_modules/react-native";
				SDKROOT = iphoneos;
				SWIFT_ACTIVE_COMPILATION_CONDITIONS = "$(inherited) DEBUG";
				USE_HERMES = true;
			};
			name = Debug;
		};
		83CBBA211A601CBA00E9B192 /* Release configuration for PBXProject "RadarScout" */ = {
			isa = XCBuildConfiguration;
			buildSettings = {
				ALWAYS_SEARCH_USER_PATHS = NO;
				CLANG_ANALYZER_LOCALIZABILITY_NONLOCALIZED = YES;
				CLANG_CXX_LANGUAGE_STANDARD = "c++20";
				CLANG_CXX_LIBRARY = "libc++";
				CLANG_ENABLE_MODULES = YES;
				CLANG_ENABLE_OBJC_ARC = YES;
				CLANG_WARN_BLOCK_CAPTURE_AUTORELEASING = YES;
				CLANG_WARN_BOOL_CONVERSION = YES;
				CLANG_WARN_COMMA = YES;
				CLANG_WARN_CONSTANT_CONVERSION = YES;
				CLANG_WARN_DEPRECATED_OBJC_IMPLEMENTATIONS = YES;
				CLANG_WARN_DIRECT_OBJC_ISA_USAGE = YES_ERROR;
				CLANG_WARN_EMPTY_BODY = YES;
				CLANG_WARN_ENUM_CONVERSION = YES;
				CLANG_WARN_INFINITE_RECURSION = YES;
				CLANG_WARN_INT_CONVERSION = YES;
				CLANG_WARN_NON_LITERAL_NULL_CONVERSION = YES;
				CLANG_WARN_OBJC_IMPLICIT_RETAIN_SELF = YES;
				CLANG_WARN_OBJC_LITERAL_CONVERSION = YES;
				CLANG_WARN_OBJC_ROOT_CLASS = YES_ERROR;
				CLANG_WARN_RANGE_LOOP_ANALYSIS = YES;
				CLANG_WARN_STRICT_PROTOTYPES = YES;
				CLANG_WARN_SUSPICIOUS_MOVE = YES;
				CLANG_WARN_UNREACHABLE_CODE = YES;
				CLANG_WARN__DUPLICATE_METHOD_MATCH = YES;
				"CODE_SIGN_IDENTITY[sdk=iphoneos*]" = "iPhone Developer";
				COPY_PHASE_STRIP = YES;
				ENABLE_NS_ASSERTIONS = NO;
				ENABLE_STRICT_OBJC_MSGSEND = YES;
				GCC_C_LANGUAGE_STANDARD = gnu99;
				GCC_NO_COMMON_BLOCKS = YES;
				GCC_WARN_64_TO_32_BIT_CONVERSION = YES;
				GCC_WARN_ABOUT_RETURN_TYPE = YES_ERROR;
				GCC_WARN_UNDECLARED_SELECTOR = YES;
				GCC_WARN_UNINITIALIZED_AUTOS = YES_AGGRESSIVE;
				GCC_WARN_UNUSED_FUNCTION = YES;
				GCC_WARN_UNUSED_VARIABLE = YES;
				HEADER_SEARCH_PATHS = (
					"$(inherited)",
					"${PODS_CONFIGURATION_BUILD_DIR}/ReactCommon/ReactCommon.framework/Headers",
					"${PODS_CONFIGURATION_BUILD_DIR}/ReactCommon/ReactCommon.framework/Headers/react/nativemodule/core",
					"${PODS_CONFIGURATION_BUILD_DIR}/React-runtimeexecutor/React_runtimeexecutor.framework/Headers",
					"${PODS_CONFIGURATION_BUILD_DIR}/React-runtimeexecutor/React_runtimeexecutor.framework/Headers/platform/ios",
					"${PODS_CONFIGURATION_BUILD_DIR}/ReactCommon-Samples/ReactCommon_Samples.framework/Headers",
					"${PODS_CONFIGURATION_BUILD_DIR}/ReactCommon-Samples/ReactCommon_Samples.framework/Headers/platform/ios",
					"${PODS_CONFIGURATION_BUILD_DIR}/React-Fabric/React_Fabric.framework/Headers/react/renderer/components/view/platform/cxx",
					"${PODS_CONFIGURATION_BUILD_DIR}/React-NativeModulesApple/React_NativeModulesApple.framework/Headers",
					"${PODS_CONFIGURATION_BUILD_DIR}/React-graphics/React_graphics.framework/Headers",
					"${PODS_CONFIGURATION_BUILD_DIR}/React-graphics/React_graphics.framework/Headers/react/renderer/graphics/platform/ios",
				);
				IPHONEOS_DEPLOYMENT_TARGET = 15.1;
				LD_RUNPATH_SEARCH_PATHS = (
					/usr/lib/swift,
					"$(inherited)",
				);
				LIBRARY_SEARCH_PATHS = "$(SDKROOT)/usr/lib/swift\"$(inherited)\"";
				MTL_ENABLE_DEBUG_INFO = NO;
				REACT_NATIVE_PATH = "${PODS_ROOT}/../../node_modules/.pnpm/react-native@0.81.5_@babel+core@7.29.0_@types+react@19.1.17_react@19.1.0/node_modules/react-native";
				SDKROOT = iphoneos;
				USE_HERMES = true;
				VALIDATE_PRODUCT = YES;
			};
			name = Release;
		};
/* End XCBuildConfiguration section */

/* Begin XCConfigurationList section */
		13B07F931A680F5B00A75B9A /* Build configuration list for PBXNativeTarget "RadarScout" */ = {
			isa = XCConfigurationList;
			buildConfigurations = (
				13B07F941A680F5B00A75B9A /* Debug configuration for PBXNativeTarget "RadarScout" */,
				13B07F951A680F5B00A75B9A /* Release configuration for PBXNativeTarget "RadarScout" */,
			);
			defaultConfigurationName = Release;
		};
		83CBB9FA1A601CBA00E9B192 /* Build configuration list for PBXProject "RadarScout" */ = {
			isa = XCConfigurationList;
			buildConfigurations = (
				83CBBA201A601CBA00E9B192 /* Debug configuration for PBXProject "RadarScout" */,
				83CBBA211A601CBA00E9B192 /* Release configuration for PBXProject "RadarScout" */,
			);
			defaultConfigurationName = Release;
		};
/* End XCConfigurationList section */

/* Begin XCRemoteSwiftPackageReference section */
		D29605FD2FC2410000D30A8D /* XCRemoteSwiftPackageReference "firebase-ios-sdk" */ = {
			isa = XCRemoteSwiftPackageReference;
			repositoryURL = "https://github.com/firebase/firebase-ios-sdk.git";
			requirement = {
				kind = upToNextMajorVersion;
				minimumVersion = 12.13.0;
			};
		};
/* End XCRemoteSwiftPackageReference section */
	};
	rootObject = 83CBB9F71A601CBA00E9B192 /* Project object */;
}
